
Microsoft Visual Studio Solution File, Format Version 12.00
# Visual Studio Version 16
VisualStudioVersion = 16.0.29424.173
MinimumVisualStudioVersion = 10.0.40219.1
Project("{FAE04EC0-301F-11D3-BF4B-00C04F79EFBC}") = "01. The Isle of Man TT Race", "01. The Isle of Man TT Race\01. The Isle of Man TT Race.csproj", "{D07994BC-D09C-4AC8-A7A9-2C38214AEDCC}"
EndProject
Project("{FAE04EC0-301F-11D3-BF4B-00C04F79EFBC}") = "02. Practice Sessions", "02. Practice Sessions\02. Practice Sessions.csproj", "{42B7342A-9AA0-4268-B923-8202B6CEA565}"
EndProject
Global
	GlobalSection(SolutionConfigurationPlatforms) = preSolution
		Debug|Any CPU = Debug|Any CPU
		Release|Any CPU = Release|Any CPU
	EndGlobalSection
	GlobalSection(ProjectConfigurationPlatforms) = postSolution
		{D07994BC-D09C-4AC8-A7A9-2C38214AEDCC}.Debug|Any CPU.ActiveCfg = Debug|Any CPU
		{D07994BC-D09C-4AC8-A7A9-2C38214AEDCC}.Debug|Any CPU.Build.0 = Debug|Any CPU
		{D07994BC-D09C-4AC8-A7A9-2C38214AEDCC}.Release|Any CPU.ActiveCfg = Release|Any CPU
		{D07994BC-D09C-4AC8-A7A9-2C38214AEDCC}.Release|Any CPU.Build.0 = Release|Any CPU
		{42B7342A-9AA0-4268-B923-8202B6CEA565}.Debug|Any CPU.ActiveCfg = Debug|Any CPU
		{42B7342A-9AA0-4268-B923-8202B6CEA565}.Debug|Any CPU.Build.0 = Debug|Any CPU
		{42B7342A-9AA0-4268-B923-8202B6CEA565}.Release|Any CPU.ActiveCfg = Release|Any CPU
		{42B7342A-9AA0-4268-B923-8202B6CEA565}.Release|Any CPU.Build.0 = Release|Any CPU
	EndGlobalSection
	GlobalSection(SolutionProperties) = preSolution
		HideSolutionNode = FALSE
	EndGlobalSection
	GlobalSection(ExtensibilityGlobals) = postSolution
		SolutionGuid = {FBF7CFAF-825D-4C1D-98BF-5CA6CE1063AB}
	EndGlobalSection
EndGlobal
