
Microsoft Visual Studio Solution File, Format Version 12.00
# Visual Studio Version 16
VisualStudioVersion = 16.0.29424.173
MinimumVisualStudioVersion = 10.0.40219.1
Project("{FAE04EC0-301F-11D3-BF4B-00C04F79EFBC}") = "1. String Manipulator - Group 1", "1. String Manipulator - Group 1\1. String Manipulator - Group 1.csproj", "{16DD9568-6A52-454F-A1E9-E18530C836F0}"
EndProject
Project("{FAE04EC0-301F-11D3-BF4B-00C04F79EFBC}") = "2. Message Decrypter", "2. Message Decrypter\2. Message Decrypter.csproj", "{A6AD220F-C44A-4274-9C34-26063AD1D6A8}"
EndProject
Project("{FAE04EC0-301F-11D3-BF4B-00C04F79EFBC}") = "3. Messages Manager", "3. Messages Manager\3. Messages Manager.csproj", "{8EA3828F-674B-495D-8C07-5C121406A9EF}"
EndProject
Global
	GlobalSection(SolutionConfigurationPlatforms) = preSolution
		Debug|Any CPU = Debug|Any CPU
		Release|Any CPU = Release|Any CPU
	EndGlobalSection
	GlobalSection(ProjectConfigurationPlatforms) = postSolution
		{16DD9568-6A52-454F-A1E9-E18530C836F0}.Debug|Any CPU.ActiveCfg = Debug|Any CPU
		{16DD9568-6A52-454F-A1E9-E18530C836F0}.Debug|Any CPU.Build.0 = Debug|Any CPU
		{16DD9568-6A52-454F-A1E9-E18530C836F0}.Release|Any CPU.ActiveCfg = Release|Any CPU
		{16DD9568-6A52-454F-A1E9-E18530C836F0}.Release|Any CPU.Build.0 = Release|Any CPU
		{A6AD220F-C44A-4274-9C34-26063AD1D6A8}.Debug|Any CPU.ActiveCfg = Debug|Any CPU
		{A6AD220F-C44A-4274-9C34-26063AD1D6A8}.Debug|Any CPU.Build.0 = Debug|Any CPU
		{A6AD220F-C44A-4274-9C34-26063AD1D6A8}.Release|Any CPU.ActiveCfg = Release|Any CPU
		{A6AD220F-C44A-4274-9C34-26063AD1D6A8}.Release|Any CPU.Build.0 = Release|Any CPU
		{8EA3828F-674B-495D-8C07-5C121406A9EF}.Debug|Any CPU.ActiveCfg = Debug|Any CPU
		{8EA3828F-674B-495D-8C07-5C121406A9EF}.Debug|Any CPU.Build.0 = Debug|Any CPU
		{8EA3828F-674B-495D-8C07-5C121406A9EF}.Release|Any CPU.ActiveCfg = Release|Any CPU
		{8EA3828F-674B-495D-8C07-5C121406A9EF}.Release|Any CPU.Build.0 = Release|Any CPU
	EndGlobalSection
	GlobalSection(SolutionProperties) = preSolution
		HideSolutionNode = FALSE
	EndGlobalSection
	GlobalSection(ExtensibilityGlobals) = postSolution
		SolutionGuid = {4B0C2756-5082-4A41-AFE5-5084FCB0D848}
	EndGlobalSection
EndGlobal
