
Microsoft Visual Studio Solution File, Format Version 12.00
# Visual Studio Version 16
VisualStudioVersion = 16.0.29424.173
MinimumVisualStudioVersion = 10.0.40219.1
Project("{FAE04EC0-301F-11D3-BF4B-00C04F79EFBC}") = "01. Valid Usernames", "01. Valid Usernames\01. Valid Usernames.csproj", "{793A276A-2576-4252-80E9-E72E76B73B6E}"
EndProject
Project("{FAE04EC0-301F-11D3-BF4B-00C04F79EFBC}") = "02. Character Multiplier", "02. Character Multiplier\02. Character Multiplier.csproj", "{B64943B3-11FF-4946-929B-063504EC8F71}"
EndProject
Project("{FAE04EC0-301F-11D3-BF4B-00C04F79EFBC}") = "03. Extract File", "03. Extract File\03. Extract File.csproj", "{56386267-F4DF-4805-B3DE-AC0B259DA641}"
EndProject
Project("{FAE04EC0-301F-11D3-BF4B-00C04F79EFBC}") = "04. Caesar Cipher", "04. Caesar Cipher\04. Caesar Cipher.csproj", "{64D3D4F1-F615-4900-AF2A-E3341D21667C}"
EndProject
Project("{FAE04EC0-301F-11D3-BF4B-00C04F79EFBC}") = "05. Multiply Big Number", "05. Multiply Big Number\05. Multiply Big Number.csproj", "{5FF4F7F5-AA92-4ACF-B5DC-528C5A079773}"
EndProject
Project("{FAE04EC0-301F-11D3-BF4B-00C04F79EFBC}") = "06. Replace Repeating Chars", "06. Replace Repeating Chars\06. Replace Repeating Chars.csproj", "{670040BF-3383-49B2-9D9E-2AC321D329BD}"
EndProject
Project("{FAE04EC0-301F-11D3-BF4B-00C04F79EFBC}") = "07. String Explosion", "07. String Explosion\07. String Explosion.csproj", "{C9812F01-2EE2-4817-BCAB-70BE0714D255}"
EndProject
Project("{FAE04EC0-301F-11D3-BF4B-00C04F79EFBC}") = "08. Letters Change Numbers", "08. Letters Change Numbers\08. Letters Change Numbers.csproj", "{E970F0FE-D797-46DF-9100-D7034F3FF69E}"
EndProject
Global
	GlobalSection(SolutionConfigurationPlatforms) = preSolution
		Debug|Any CPU = Debug|Any CPU
		Release|Any CPU = Release|Any CPU
	EndGlobalSection
	GlobalSection(ProjectConfigurationPlatforms) = postSolution
		{793A276A-2576-4252-80E9-E72E76B73B6E}.Debug|Any CPU.ActiveCfg = Debug|Any CPU
		{793A276A-2576-4252-80E9-E72E76B73B6E}.Debug|Any CPU.Build.0 = Debug|Any CPU
		{793A276A-2576-4252-80E9-E72E76B73B6E}.Release|Any CPU.ActiveCfg = Release|Any CPU
		{793A276A-2576-4252-80E9-E72E76B73B6E}.Release|Any CPU.Build.0 = Release|Any CPU
		{B64943B3-11FF-4946-929B-063504EC8F71}.Debug|Any CPU.ActiveCfg = Debug|Any CPU
		{B64943B3-11FF-4946-929B-063504EC8F71}.Debug|Any CPU.Build.0 = Debug|Any CPU
		{B64943B3-11FF-4946-929B-063504EC8F71}.Release|Any CPU.ActiveCfg = Release|Any CPU
		{B64943B3-11FF-4946-929B-063504EC8F71}.Release|Any CPU.Build.0 = Release|Any CPU
		{56386267-F4DF-4805-B3DE-AC0B259DA641}.Debug|Any CPU.ActiveCfg = Debug|Any CPU
		{56386267-F4DF-4805-B3DE-AC0B259DA641}.Debug|Any CPU.Build.0 = Debug|Any CPU
		{56386267-F4DF-4805-B3DE-AC0B259DA641}.Release|Any CPU.ActiveCfg = Release|Any CPU
		{56386267-F4DF-4805-B3DE-AC0B259DA641}.Release|Any CPU.Build.0 = Release|Any CPU
		{64D3D4F1-F615-4900-AF2A-E3341D21667C}.Debug|Any CPU.ActiveCfg = Debug|Any CPU
		{64D3D4F1-F615-4900-AF2A-E3341D21667C}.Debug|Any CPU.Build.0 = Debug|Any CPU
		{64D3D4F1-F615-4900-AF2A-E3341D21667C}.Release|Any CPU.ActiveCfg = Release|Any CPU
		{64D3D4F1-F615-4900-AF2A-E3341D21667C}.Release|Any CPU.Build.0 = Release|Any CPU
		{5FF4F7F5-AA92-4ACF-B5DC-528C5A079773}.Debug|Any CPU.ActiveCfg = Debug|Any CPU
		{5FF4F7F5-AA92-4ACF-B5DC-528C5A079773}.Debug|Any CPU.Build.0 = Debug|Any CPU
		{5FF4F7F5-AA92-4ACF-B5DC-528C5A079773}.Release|Any CPU.ActiveCfg = Release|Any CPU
		{5FF4F7F5-AA92-4ACF-B5DC-528C5A079773}.Release|Any CPU.Build.0 = Release|Any CPU
		{670040BF-3383-49B2-9D9E-2AC321D329BD}.Debug|Any CPU.ActiveCfg = Debug|Any CPU
		{670040BF-3383-49B2-9D9E-2AC321D329BD}.Debug|Any CPU.Build.0 = Debug|Any CPU
		{670040BF-3383-49B2-9D9E-2AC321D329BD}.Release|Any CPU.ActiveCfg = Release|Any CPU
		{670040BF-3383-49B2-9D9E-2AC321D329BD}.Release|Any CPU.Build.0 = Release|Any CPU
		{C9812F01-2EE2-4817-BCAB-70BE0714D255}.Debug|Any CPU.ActiveCfg = Debug|Any CPU
		{C9812F01-2EE2-4817-BCAB-70BE0714D255}.Debug|Any CPU.Build.0 = Debug|Any CPU
		{C9812F01-2EE2-4817-BCAB-70BE0714D255}.Release|Any CPU.ActiveCfg = Release|Any CPU
		{C9812F01-2EE2-4817-BCAB-70BE0714D255}.Release|Any CPU.Build.0 = Release|Any CPU
		{E970F0FE-D797-46DF-9100-D7034F3FF69E}.Debug|Any CPU.ActiveCfg = Debug|Any CPU
		{E970F0FE-D797-46DF-9100-D7034F3FF69E}.Debug|Any CPU.Build.0 = Debug|Any CPU
		{E970F0FE-D797-46DF-9100-D7034F3FF69E}.Release|Any CPU.ActiveCfg = Release|Any CPU
		{E970F0FE-D797-46DF-9100-D7034F3FF69E}.Release|Any CPU.Build.0 = Release|Any CPU
	EndGlobalSection
	GlobalSection(SolutionProperties) = preSolution
		HideSolutionNode = FALSE
	EndGlobalSection
	GlobalSection(ExtensibilityGlobals) = postSolution
		SolutionGuid = {6846CBC4-87FF-4B75-8A75-4C3E106C2ACF}
	EndGlobalSection
EndGlobal
