
Microsoft Visual Studio Solution File, Format Version 12.00
# Visual Studio Version 16
VisualStudioVersion = 16.0.30011.22
MinimumVisualStudioVersion = 10.0.40219.1
Project("{9A19103F-16F7-4668-BE54-9A1E7A4F7556}") = "P01.GenericBoxofString", "01. Generic Box of String\P01.GenericBoxofString.csproj", "{8A7D6D63-3F2B-4359-8B26-B47986AB1BE5}"
EndProject
Project("{FAE04EC0-301F-11D3-BF4B-00C04F79EFBC}") = "P02.GenericBoxofInteger", "02. Generic Box of Integer\P02.GenericBoxofInteger.csproj", "{2993341C-9098-4118-A8E2-4B905A0AAB1F}"
EndProject
Project("{FAE04EC0-301F-11D3-BF4B-00C04F79EFBC}") = "P03.GenericSwapMethodString", "03. Generic Swap Method String\P03.GenericSwapMethodString.csproj", "{9CAB1B3D-F26D-4609-A145-80ED40DCDE31}"
EndProject
Project("{FAE04EC0-301F-11D3-BF4B-00C04F79EFBC}") = "P04.GenericSwapMethodInteger", "04. Generic Swap Method Integer\P04.GenericSwapMethodInteger.csproj", "{DC3FAA3F-2B7A-4072-90A1-8F0E95729A17}"
EndProject
Project("{FAE04EC0-301F-11D3-BF4B-00C04F79EFBC}") = "P05.GenericCountMethodString", "05. Generic Count Method String\P05.GenericCountMethodString.csproj", "{053D8EA3-1DA3-4AC1-9452-1A72B3149907}"
EndProject
Project("{FAE04EC0-301F-11D3-BF4B-00C04F79EFBC}") = "P06.GenericCountMethodDouble", "06. Generic Count Method Double\P06.GenericCountMethodDouble.csproj", "{9673B281-3225-4297-AD39-411E30CFEFF2}"
EndProject
Project("{FAE04EC0-301F-11D3-BF4B-00C04F79EFBC}") = "P07.Tuple", "07. Tuple\P07.Tuple.csproj", "{5567AE2D-1188-4031-B20A-85337A09A790}"
EndProject
Project("{FAE04EC0-301F-11D3-BF4B-00C04F79EFBC}") = "P08.Threeuple", "08. Threeuple\P08.Threeuple.csproj", "{E0F3DF0A-5D7C-4688-85AF-74B8967250D2}"
EndProject
Global
	GlobalSection(SolutionConfigurationPlatforms) = preSolution
		Debug|Any CPU = Debug|Any CPU
		Release|Any CPU = Release|Any CPU
	EndGlobalSection
	GlobalSection(ProjectConfigurationPlatforms) = postSolution
		{8A7D6D63-3F2B-4359-8B26-B47986AB1BE5}.Debug|Any CPU.ActiveCfg = Debug|Any CPU
		{8A7D6D63-3F2B-4359-8B26-B47986AB1BE5}.Debug|Any CPU.Build.0 = Debug|Any CPU
		{8A7D6D63-3F2B-4359-8B26-B47986AB1BE5}.Release|Any CPU.ActiveCfg = Release|Any CPU
		{8A7D6D63-3F2B-4359-8B26-B47986AB1BE5}.Release|Any CPU.Build.0 = Release|Any CPU
		{2993341C-9098-4118-A8E2-4B905A0AAB1F}.Debug|Any CPU.ActiveCfg = Debug|Any CPU
		{2993341C-9098-4118-A8E2-4B905A0AAB1F}.Debug|Any CPU.Build.0 = Debug|Any CPU
		{2993341C-9098-4118-A8E2-4B905A0AAB1F}.Release|Any CPU.ActiveCfg = Release|Any CPU
		{2993341C-9098-4118-A8E2-4B905A0AAB1F}.Release|Any CPU.Build.0 = Release|Any CPU
		{9CAB1B3D-F26D-4609-A145-80ED40DCDE31}.Debug|Any CPU.ActiveCfg = Debug|Any CPU
		{9CAB1B3D-F26D-4609-A145-80ED40DCDE31}.Debug|Any CPU.Build.0 = Debug|Any CPU
		{9CAB1B3D-F26D-4609-A145-80ED40DCDE31}.Release|Any CPU.ActiveCfg = Release|Any CPU
		{9CAB1B3D-F26D-4609-A145-80ED40DCDE31}.Release|Any CPU.Build.0 = Release|Any CPU
		{DC3FAA3F-2B7A-4072-90A1-8F0E95729A17}.Debug|Any CPU.ActiveCfg = Debug|Any CPU
		{DC3FAA3F-2B7A-4072-90A1-8F0E95729A17}.Debug|Any CPU.Build.0 = Debug|Any CPU
		{DC3FAA3F-2B7A-4072-90A1-8F0E95729A17}.Release|Any CPU.ActiveCfg = Release|Any CPU
		{DC3FAA3F-2B7A-4072-90A1-8F0E95729A17}.Release|Any CPU.Build.0 = Release|Any CPU
		{053D8EA3-1DA3-4AC1-9452-1A72B3149907}.Debug|Any CPU.ActiveCfg = Debug|Any CPU
		{053D8EA3-1DA3-4AC1-9452-1A72B3149907}.Debug|Any CPU.Build.0 = Debug|Any CPU
		{053D8EA3-1DA3-4AC1-9452-1A72B3149907}.Release|Any CPU.ActiveCfg = Release|Any CPU
		{053D8EA3-1DA3-4AC1-9452-1A72B3149907}.Release|Any CPU.Build.0 = Release|Any CPU
		{9673B281-3225-4297-AD39-411E30CFEFF2}.Debug|Any CPU.ActiveCfg = Debug|Any CPU
		{9673B281-3225-4297-AD39-411E30CFEFF2}.Debug|Any CPU.Build.0 = Debug|Any CPU
		{9673B281-3225-4297-AD39-411E30CFEFF2}.Release|Any CPU.ActiveCfg = Release|Any CPU
		{9673B281-3225-4297-AD39-411E30CFEFF2}.Release|Any CPU.Build.0 = Release|Any CPU
		{5567AE2D-1188-4031-B20A-85337A09A790}.Debug|Any CPU.ActiveCfg = Debug|Any CPU
		{5567AE2D-1188-4031-B20A-85337A09A790}.Debug|Any CPU.Build.0 = Debug|Any CPU
		{5567AE2D-1188-4031-B20A-85337A09A790}.Release|Any CPU.ActiveCfg = Release|Any CPU
		{5567AE2D-1188-4031-B20A-85337A09A790}.Release|Any CPU.Build.0 = Release|Any CPU
		{E0F3DF0A-5D7C-4688-85AF-74B8967250D2}.Debug|Any CPU.ActiveCfg = Debug|Any CPU
		{E0F3DF0A-5D7C-4688-85AF-74B8967250D2}.Debug|Any CPU.Build.0 = Debug|Any CPU
		{E0F3DF0A-5D7C-4688-85AF-74B8967250D2}.Release|Any CPU.ActiveCfg = Release|Any CPU
		{E0F3DF0A-5D7C-4688-85AF-74B8967250D2}.Release|Any CPU.Build.0 = Release|Any CPU
	EndGlobalSection
	GlobalSection(SolutionProperties) = preSolution
		HideSolutionNode = FALSE
	EndGlobalSection
	GlobalSection(ExtensibilityGlobals) = postSolution
		SolutionGuid = {E57982CB-4B5F-4C89-8429-58919F972BC3}
	EndGlobalSection
EndGlobal
