
Microsoft Visual Studio Solution File, Format Version 12.00
# Visual Studio Version 16
VisualStudioVersion = 16.0.31005.135
MinimumVisualStudioVersion = 10.0.40219.1
Project("{9A19103F-16F7-4668-BE54-9A1E7A4F7556}") = "CarDealer", "CarDealer\CarDealer.csproj", "{03AFAD04-3796-47CE-9604-61BACBBEF1B6}"
EndProject
Project("{9A19103F-16F7-4668-BE54-9A1E7A4F7556}") = "ProductShop", "ProductShop\ProductShop.csproj", "{F5530A36-4E42-43B9-93DE-15F10AA8FC06}"
EndProject
Global
	GlobalSection(SolutionConfigurationPlatforms) = preSolution
		Debug|Any CPU = Debug|Any CPU
		Release|Any CPU = Release|Any CPU
	EndGlobalSection
	GlobalSection(ProjectConfigurationPlatforms) = postSolution
		{03AFAD04-3796-47CE-9604-61BACBBEF1B6}.Debug|Any CPU.ActiveCfg = Debug|Any CPU
		{03AFAD04-3796-47CE-9604-61BACBBEF1B6}.Debug|Any CPU.Build.0 = Debug|Any CPU
		{03AFAD04-3796-47CE-9604-61BACBBEF1B6}.Release|Any CPU.ActiveCfg = Release|Any CPU
		{03AFAD04-3796-47CE-9604-61BACBBEF1B6}.Release|Any CPU.Build.0 = Release|Any CPU
		{F5530A36-4E42-43B9-93DE-15F10AA8FC06}.Debug|Any CPU.ActiveCfg = Debug|Any CPU
		{F5530A36-4E42-43B9-93DE-15F10AA8FC06}.Debug|Any CPU.Build.0 = Debug|Any CPU
		{F5530A36-4E42-43B9-93DE-15F10AA8FC06}.Release|Any CPU.ActiveCfg = Release|Any CPU
		{F5530A36-4E42-43B9-93DE-15F10AA8FC06}.Release|Any CPU.Build.0 = Release|Any CPU
	EndGlobalSection
	GlobalSection(SolutionProperties) = preSolution
		HideSolutionNode = FALSE
	EndGlobalSection
	GlobalSection(ExtensibilityGlobals) = postSolution
		SolutionGuid = {E18B2CF2-F351-44D8-95D1-EC31494621DC}
	EndGlobalSection
EndGlobal
