
Microsoft Visual Studio Solution File, Format Version 12.00
# Visual Studio Version 16
VisualStudioVersion = 16.0.29424.173
MinimumVisualStudioVersion = 10.0.40219.1
Project("{FAE04EC0-301F-11D3-BF4B-00C04F79EFBC}") = "01. Spring Vacation Trip", "01. Spring Vacation Trip\01. Spring Vacation Trip.csproj", "{3F9A17B6-FCF7-44FA-A720-44F63DE506F2}"
EndProject
Project("{FAE04EC0-301F-11D3-BF4B-00C04F79EFBC}") = "02. Hello, France", "02. Hello, France\02. Hello, France.csproj", "{D7911D3E-6DDC-4736-AE56-B7CD151A3187}"
EndProject
Project("{FAE04EC0-301F-11D3-BF4B-00C04F79EFBC}") = "03. Last Stop", "03. Last Stop\03. Last Stop.csproj", "{EA4B5102-58E8-48BE-94A6-79A73E7EE780}"
EndProject
Global
	GlobalSection(SolutionConfigurationPlatforms) = preSolution
		Debug|Any CPU = Debug|Any CPU
		Release|Any CPU = Release|Any CPU
	EndGlobalSection
	GlobalSection(ProjectConfigurationPlatforms) = postSolution
		{3F9A17B6-FCF7-44FA-A720-44F63DE506F2}.Debug|Any CPU.ActiveCfg = Debug|Any CPU
		{3F9A17B6-FCF7-44FA-A720-44F63DE506F2}.Debug|Any CPU.Build.0 = Debug|Any CPU
		{3F9A17B6-FCF7-44FA-A720-44F63DE506F2}.Release|Any CPU.ActiveCfg = Release|Any CPU
		{3F9A17B6-FCF7-44FA-A720-44F63DE506F2}.Release|Any CPU.Build.0 = Release|Any CPU
		{D7911D3E-6DDC-4736-AE56-B7CD151A3187}.Debug|Any CPU.ActiveCfg = Debug|Any CPU
		{D7911D3E-6DDC-4736-AE56-B7CD151A3187}.Debug|Any CPU.Build.0 = Debug|Any CPU
		{D7911D3E-6DDC-4736-AE56-B7CD151A3187}.Release|Any CPU.ActiveCfg = Release|Any CPU
		{D7911D3E-6DDC-4736-AE56-B7CD151A3187}.Release|Any CPU.Build.0 = Release|Any CPU
		{EA4B5102-58E8-48BE-94A6-79A73E7EE780}.Debug|Any CPU.ActiveCfg = Debug|Any CPU
		{EA4B5102-58E8-48BE-94A6-79A73E7EE780}.Debug|Any CPU.Build.0 = Debug|Any CPU
		{EA4B5102-58E8-48BE-94A6-79A73E7EE780}.Release|Any CPU.ActiveCfg = Release|Any CPU
		{EA4B5102-58E8-48BE-94A6-79A73E7EE780}.Release|Any CPU.Build.0 = Release|Any CPU
	EndGlobalSection
	GlobalSection(SolutionProperties) = preSolution
		HideSolutionNode = FALSE
	EndGlobalSection
	GlobalSection(ExtensibilityGlobals) = postSolution
		SolutionGuid = {8B760A7D-6C09-4AFC-A218-B3AB5FCEDF3F}
	EndGlobalSection
EndGlobal
