
Microsoft Visual Studio Solution File, Format Version 12.00
# Visual Studio Version 16
VisualStudioVersion = 16.0.30011.22
MinimumVisualStudioVersion = 10.0.40219.1
Project("{9A19103F-16F7-4668-BE54-9A1E7A4F7556}") = "P02.MultipleInheritance", "P02.MultipleInheritance\P02.MultipleInheritance.csproj", "{69B05BBE-E075-4569-924B-5A4CCB280193}"
EndProject
Project("{9A19103F-16F7-4668-BE54-9A1E7A4F7556}") = "P03.HierarchicalInheritance", "P03.HierarchicalInheritance\P03.HierarchicalInheritance.csproj", "{138A35B1-22BB-41DC-942F-509ECAB924D5}"
EndProject
Project("{9A19103F-16F7-4668-BE54-9A1E7A4F7556}") = "P04.RandomList", "P04.RandomList\P04.RandomList.csproj", "{08D44130-3DEC-4C0D-9BFB-03F80600C67A}"
EndProject
Project("{9A19103F-16F7-4668-BE54-9A1E7A4F7556}") = "P05.StackofStrings", "P05.StackofStrings\P05.StackofStrings.csproj", "{653C3739-3A9D-4461-9A25-DC8B3CE64F41}"
EndProject
Project("{FAE04EC0-301F-11D3-BF4B-00C04F79EFBC}") = "P01.SingleInheritance", "P01.SingleInheritance\P01.SingleInheritance.csproj", "{FC199F5E-4E06-400C-8400-1349E42F17A5}"
EndProject
Global
	GlobalSection(SolutionConfigurationPlatforms) = preSolution
		Debug|Any CPU = Debug|Any CPU
		Release|Any CPU = Release|Any CPU
	EndGlobalSection
	GlobalSection(ProjectConfigurationPlatforms) = postSolution
		{69B05BBE-E075-4569-924B-5A4CCB280193}.Debug|Any CPU.ActiveCfg = Debug|Any CPU
		{69B05BBE-E075-4569-924B-5A4CCB280193}.Debug|Any CPU.Build.0 = Debug|Any CPU
		{69B05BBE-E075-4569-924B-5A4CCB280193}.Release|Any CPU.ActiveCfg = Release|Any CPU
		{69B05BBE-E075-4569-924B-5A4CCB280193}.Release|Any CPU.Build.0 = Release|Any CPU
		{138A35B1-22BB-41DC-942F-509ECAB924D5}.Debug|Any CPU.ActiveCfg = Debug|Any CPU
		{138A35B1-22BB-41DC-942F-509ECAB924D5}.Debug|Any CPU.Build.0 = Debug|Any CPU
		{138A35B1-22BB-41DC-942F-509ECAB924D5}.Release|Any CPU.ActiveCfg = Release|Any CPU
		{138A35B1-22BB-41DC-942F-509ECAB924D5}.Release|Any CPU.Build.0 = Release|Any CPU
		{08D44130-3DEC-4C0D-9BFB-03F80600C67A}.Debug|Any CPU.ActiveCfg = Debug|Any CPU
		{08D44130-3DEC-4C0D-9BFB-03F80600C67A}.Debug|Any CPU.Build.0 = Debug|Any CPU
		{08D44130-3DEC-4C0D-9BFB-03F80600C67A}.Release|Any CPU.ActiveCfg = Release|Any CPU
		{08D44130-3DEC-4C0D-9BFB-03F80600C67A}.Release|Any CPU.Build.0 = Release|Any CPU
		{653C3739-3A9D-4461-9A25-DC8B3CE64F41}.Debug|Any CPU.ActiveCfg = Debug|Any CPU
		{653C3739-3A9D-4461-9A25-DC8B3CE64F41}.Debug|Any CPU.Build.0 = Debug|Any CPU
		{653C3739-3A9D-4461-9A25-DC8B3CE64F41}.Release|Any CPU.ActiveCfg = Release|Any CPU
		{653C3739-3A9D-4461-9A25-DC8B3CE64F41}.Release|Any CPU.Build.0 = Release|Any CPU
		{FC199F5E-4E06-400C-8400-1349E42F17A5}.Debug|Any CPU.ActiveCfg = Debug|Any CPU
		{FC199F5E-4E06-400C-8400-1349E42F17A5}.Debug|Any CPU.Build.0 = Debug|Any CPU
		{FC199F5E-4E06-400C-8400-1349E42F17A5}.Release|Any CPU.ActiveCfg = Release|Any CPU
		{FC199F5E-4E06-400C-8400-1349E42F17A5}.Release|Any CPU.Build.0 = Release|Any CPU
	EndGlobalSection
	GlobalSection(SolutionProperties) = preSolution
		HideSolutionNode = FALSE
	EndGlobalSection
	GlobalSection(ExtensibilityGlobals) = postSolution
		SolutionGuid = {F5F947C6-A4C7-4AC1-A871-47481A3EEB3E}
	EndGlobalSection
EndGlobal
