
Microsoft Visual Studio Solution File, Format Version 12.00
# Visual Studio Version 16
VisualStudioVersion = 16.0.29424.173
MinimumVisualStudioVersion = 10.0.40219.1
Project("{FAE04EC0-301F-11D3-BF4B-00C04F79EFBC}") = "01. Match Full Name", "01. Match Full Name\01. Match Full Name.csproj", "{DB9F5B98-F8C2-42DD-AA5B-EA4A8EE475C3}"
EndProject
Project("{FAE04EC0-301F-11D3-BF4B-00C04F79EFBC}") = "02. Match Phone Number", "02. Match Phone Number\02. Match Phone Number.csproj", "{21353A5F-E521-48AF-8EE8-1D0C383A9147}"
EndProject
Project("{FAE04EC0-301F-11D3-BF4B-00C04F79EFBC}") = "03. Match Dates", "03. Match Dates\03. Match Dates.csproj", "{A7D127E2-E2A5-4B48-9394-ADA921B7D6A4}"
EndProject
Global
	GlobalSection(SolutionConfigurationPlatforms) = preSolution
		Debug|Any CPU = Debug|Any CPU
		Release|Any CPU = Release|Any CPU
	EndGlobalSection
	GlobalSection(ProjectConfigurationPlatforms) = postSolution
		{DB9F5B98-F8C2-42DD-AA5B-EA4A8EE475C3}.Debug|Any CPU.ActiveCfg = Debug|Any CPU
		{DB9F5B98-F8C2-42DD-AA5B-EA4A8EE475C3}.Debug|Any CPU.Build.0 = Debug|Any CPU
		{DB9F5B98-F8C2-42DD-AA5B-EA4A8EE475C3}.Release|Any CPU.ActiveCfg = Release|Any CPU
		{DB9F5B98-F8C2-42DD-AA5B-EA4A8EE475C3}.Release|Any CPU.Build.0 = Release|Any CPU
		{21353A5F-E521-48AF-8EE8-1D0C383A9147}.Debug|Any CPU.ActiveCfg = Debug|Any CPU
		{21353A5F-E521-48AF-8EE8-1D0C383A9147}.Debug|Any CPU.Build.0 = Debug|Any CPU
		{21353A5F-E521-48AF-8EE8-1D0C383A9147}.Release|Any CPU.ActiveCfg = Release|Any CPU
		{21353A5F-E521-48AF-8EE8-1D0C383A9147}.Release|Any CPU.Build.0 = Release|Any CPU
		{A7D127E2-E2A5-4B48-9394-ADA921B7D6A4}.Debug|Any CPU.ActiveCfg = Debug|Any CPU
		{A7D127E2-E2A5-4B48-9394-ADA921B7D6A4}.Debug|Any CPU.Build.0 = Debug|Any CPU
		{A7D127E2-E2A5-4B48-9394-ADA921B7D6A4}.Release|Any CPU.ActiveCfg = Release|Any CPU
		{A7D127E2-E2A5-4B48-9394-ADA921B7D6A4}.Release|Any CPU.Build.0 = Release|Any CPU
	EndGlobalSection
	GlobalSection(SolutionProperties) = preSolution
		HideSolutionNode = FALSE
	EndGlobalSection
	GlobalSection(ExtensibilityGlobals) = postSolution
		SolutionGuid = {6C8ECBFA-21CE-4B87-A668-759E45306A7E}
	EndGlobalSection
EndGlobal
