
Microsoft Visual Studio Solution File, Format Version 12.00
# Visual Studio Version 16
VisualStudioVersion = 16.0.29424.173
MinimumVisualStudioVersion = 10.0.40219.1
Project("{FAE04EC0-301F-11D3-BF4B-00C04F79EFBC}") = "01. Warrior's Quest", "01. Warrior's Quest\01. Warrior's Quest.csproj", "{465DC50C-4D98-4CC3-BF0B-059D6C008689}"
EndProject
Project("{FAE04EC0-301F-11D3-BF4B-00C04F79EFBC}") = "02. Boss Rush", "02. Boss Rush\02. Boss Rush.csproj", "{9A81F498-41FD-4263-B257-E5B014B85B3D}"
EndProject
Project("{FAE04EC0-301F-11D3-BF4B-00C04F79EFBC}") = "03. Hero Recruitment", "03. Hero Recruitment\03. Hero Recruitment.csproj", "{553BD1C8-2A8F-4E52-8520-9ECBBFA89A7F}"
EndProject
Global
	GlobalSection(SolutionConfigurationPlatforms) = preSolution
		Debug|Any CPU = Debug|Any CPU
		Release|Any CPU = Release|Any CPU
	EndGlobalSection
	GlobalSection(ProjectConfigurationPlatforms) = postSolution
		{465DC50C-4D98-4CC3-BF0B-059D6C008689}.Debug|Any CPU.ActiveCfg = Debug|Any CPU
		{465DC50C-4D98-4CC3-BF0B-059D6C008689}.Debug|Any CPU.Build.0 = Debug|Any CPU
		{465DC50C-4D98-4CC3-BF0B-059D6C008689}.Release|Any CPU.ActiveCfg = Release|Any CPU
		{465DC50C-4D98-4CC3-BF0B-059D6C008689}.Release|Any CPU.Build.0 = Release|Any CPU
		{9A81F498-41FD-4263-B257-E5B014B85B3D}.Debug|Any CPU.ActiveCfg = Debug|Any CPU
		{9A81F498-41FD-4263-B257-E5B014B85B3D}.Debug|Any CPU.Build.0 = Debug|Any CPU
		{9A81F498-41FD-4263-B257-E5B014B85B3D}.Release|Any CPU.ActiveCfg = Release|Any CPU
		{9A81F498-41FD-4263-B257-E5B014B85B3D}.Release|Any CPU.Build.0 = Release|Any CPU
		{553BD1C8-2A8F-4E52-8520-9ECBBFA89A7F}.Debug|Any CPU.ActiveCfg = Debug|Any CPU
		{553BD1C8-2A8F-4E52-8520-9ECBBFA89A7F}.Debug|Any CPU.Build.0 = Debug|Any CPU
		{553BD1C8-2A8F-4E52-8520-9ECBBFA89A7F}.Release|Any CPU.ActiveCfg = Release|Any CPU
		{553BD1C8-2A8F-4E52-8520-9ECBBFA89A7F}.Release|Any CPU.Build.0 = Release|Any CPU
	EndGlobalSection
	GlobalSection(SolutionProperties) = preSolution
		HideSolutionNode = FALSE
	EndGlobalSection
	GlobalSection(ExtensibilityGlobals) = postSolution
		SolutionGuid = {217D255A-F4A4-48EB-9BF3-ACD19610DEA5}
	EndGlobalSection
EndGlobal
