
Microsoft Visual Studio Solution File, Format Version 12.00
# Visual Studio Version 16
VisualStudioVersion = 16.0.29424.173
MinimumVisualStudioVersion = 10.0.40219.1
Project("{FAE04EC0-301F-11D3-BF4B-00C04F79EFBC}") = "1. String Manipulator - Group 2", "1. String Manipulator - Group 2\1. String Manipulator - Group 2.csproj", "{C77CEE85-1700-463C-A81A-B182341D537D}"
EndProject
Project("{FAE04EC0-301F-11D3-BF4B-00C04F79EFBC}") = "2. Message Encrypter", "2. Message Encrypter\2. Message Encrypter.csproj", "{AEA4D56D-DAF3-41EE-89B0-36FC6037AED9}"
EndProject
Project("{FAE04EC0-301F-11D3-BF4B-00C04F79EFBC}") = "3. Battle Manager", "3. Battle Manager\3. Battle Manager.csproj", "{57E71445-8E14-4114-BFB6-D8A50731F058}"
EndProject
Global
	GlobalSection(SolutionConfigurationPlatforms) = preSolution
		Debug|Any CPU = Debug|Any CPU
		Release|Any CPU = Release|Any CPU
	EndGlobalSection
	GlobalSection(ProjectConfigurationPlatforms) = postSolution
		{C77CEE85-1700-463C-A81A-B182341D537D}.Debug|Any CPU.ActiveCfg = Debug|Any CPU
		{C77CEE85-1700-463C-A81A-B182341D537D}.Debug|Any CPU.Build.0 = Debug|Any CPU
		{C77CEE85-1700-463C-A81A-B182341D537D}.Release|Any CPU.ActiveCfg = Release|Any CPU
		{C77CEE85-1700-463C-A81A-B182341D537D}.Release|Any CPU.Build.0 = Release|Any CPU
		{AEA4D56D-DAF3-41EE-89B0-36FC6037AED9}.Debug|Any CPU.ActiveCfg = Debug|Any CPU
		{AEA4D56D-DAF3-41EE-89B0-36FC6037AED9}.Debug|Any CPU.Build.0 = Debug|Any CPU
		{AEA4D56D-DAF3-41EE-89B0-36FC6037AED9}.Release|Any CPU.ActiveCfg = Release|Any CPU
		{AEA4D56D-DAF3-41EE-89B0-36FC6037AED9}.Release|Any CPU.Build.0 = Release|Any CPU
		{57E71445-8E14-4114-BFB6-D8A50731F058}.Debug|Any CPU.ActiveCfg = Debug|Any CPU
		{57E71445-8E14-4114-BFB6-D8A50731F058}.Debug|Any CPU.Build.0 = Debug|Any CPU
		{57E71445-8E14-4114-BFB6-D8A50731F058}.Release|Any CPU.ActiveCfg = Release|Any CPU
		{57E71445-8E14-4114-BFB6-D8A50731F058}.Release|Any CPU.Build.0 = Release|Any CPU
	EndGlobalSection
	GlobalSection(SolutionProperties) = preSolution
		HideSolutionNode = FALSE
	EndGlobalSection
	GlobalSection(ExtensibilityGlobals) = postSolution
		SolutionGuid = {AD7F5584-0346-4271-8002-3F87C94DFC5D}
	EndGlobalSection
EndGlobal
