
Microsoft Visual Studio Solution File, Format Version 12.00
# Visual Studio Version 16
VisualStudioVersion = 16.0.29424.173
MinimumVisualStudioVersion = 10.0.40219.1
Project("{FAE04EC0-301F-11D3-BF4B-00C04F79EFBC}") = "01. Easter Cozonacs", "01. Easter Cozonacs\01. Easter Cozonacs.csproj", "{6201B537-D21E-41DC-A425-136EDB302363}"
EndProject
Project("{FAE04EC0-301F-11D3-BF4B-00C04F79EFBC}") = "02. Easter Gifts", "02. Easter Gifts\02. Easter Gifts.csproj", "{339D5AF7-211A-474A-A025-2FC64463E549}"
EndProject
Project("{FAE04EC0-301F-11D3-BF4B-00C04F79EFBC}") = "03. Easter Shopping", "03. Easter Shopping\03. Easter Shopping.csproj", "{73861450-0CCE-4CDF-829E-CB8EDEEEBAFF}"
EndProject
Global
	GlobalSection(SolutionConfigurationPlatforms) = preSolution
		Debug|Any CPU = Debug|Any CPU
		Release|Any CPU = Release|Any CPU
	EndGlobalSection
	GlobalSection(ProjectConfigurationPlatforms) = postSolution
		{6201B537-D21E-41DC-A425-136EDB302363}.Debug|Any CPU.ActiveCfg = Debug|Any CPU
		{6201B537-D21E-41DC-A425-136EDB302363}.Debug|Any CPU.Build.0 = Debug|Any CPU
		{6201B537-D21E-41DC-A425-136EDB302363}.Release|Any CPU.ActiveCfg = Release|Any CPU
		{6201B537-D21E-41DC-A425-136EDB302363}.Release|Any CPU.Build.0 = Release|Any CPU
		{339D5AF7-211A-474A-A025-2FC64463E549}.Debug|Any CPU.ActiveCfg = Debug|Any CPU
		{339D5AF7-211A-474A-A025-2FC64463E549}.Debug|Any CPU.Build.0 = Debug|Any CPU
		{339D5AF7-211A-474A-A025-2FC64463E549}.Release|Any CPU.ActiveCfg = Release|Any CPU
		{339D5AF7-211A-474A-A025-2FC64463E549}.Release|Any CPU.Build.0 = Release|Any CPU
		{73861450-0CCE-4CDF-829E-CB8EDEEEBAFF}.Debug|Any CPU.ActiveCfg = Debug|Any CPU
		{73861450-0CCE-4CDF-829E-CB8EDEEEBAFF}.Debug|Any CPU.Build.0 = Debug|Any CPU
		{73861450-0CCE-4CDF-829E-CB8EDEEEBAFF}.Release|Any CPU.ActiveCfg = Release|Any CPU
		{73861450-0CCE-4CDF-829E-CB8EDEEEBAFF}.Release|Any CPU.Build.0 = Release|Any CPU
	EndGlobalSection
	GlobalSection(SolutionProperties) = preSolution
		HideSolutionNode = FALSE
	EndGlobalSection
	GlobalSection(ExtensibilityGlobals) = postSolution
		SolutionGuid = {1867B846-8A28-4DA4-8CEB-4C64F04BF9BA}
	EndGlobalSection
EndGlobal
