
Microsoft Visual Studio Solution File, Format Version 12.00
# Visual Studio Version 16
VisualStudioVersion = 16.0.30204.135
MinimumVisualStudioVersion = 10.0.40219.1
Project("{FAE04EC0-301F-11D3-BF4B-00C04F79EFBC}") = "InterfaceAndAbstractionDemo", "InterfaceAndAbstractionDemo\InterfaceAndAbstractionDemo.csproj", "{48EEC7D1-A0AA-4F6C-9923-3B4FE4041473}"
EndProject
Project("{FAE04EC0-301F-11D3-BF4B-00C04F79EFBC}") = "Shapes", "Shapes\Shapes.csproj", "{511BB1A4-A48A-42BE-AEFB-59B1DABB5D84}"
EndProject
Project("{FAE04EC0-301F-11D3-BF4B-00C04F79EFBC}") = "Cars", "Cars\Cars.csproj", "{58C6BB27-6F76-4459-9291-5234C119AA79}"
EndProject
Global
	GlobalSection(SolutionConfigurationPlatforms) = preSolution
		Debug|Any CPU = Debug|Any CPU
		Release|Any CPU = Release|Any CPU
	EndGlobalSection
	GlobalSection(ProjectConfigurationPlatforms) = postSolution
		{48EEC7D1-A0AA-4F6C-9923-3B4FE4041473}.Debug|Any CPU.ActiveCfg = Debug|Any CPU
		{48EEC7D1-A0AA-4F6C-9923-3B4FE4041473}.Debug|Any CPU.Build.0 = Debug|Any CPU
		{48EEC7D1-A0AA-4F6C-9923-3B4FE4041473}.Release|Any CPU.ActiveCfg = Release|Any CPU
		{48EEC7D1-A0AA-4F6C-9923-3B4FE4041473}.Release|Any CPU.Build.0 = Release|Any CPU
		{511BB1A4-A48A-42BE-AEFB-59B1DABB5D84}.Debug|Any CPU.ActiveCfg = Debug|Any CPU
		{511BB1A4-A48A-42BE-AEFB-59B1DABB5D84}.Debug|Any CPU.Build.0 = Debug|Any CPU
		{511BB1A4-A48A-42BE-AEFB-59B1DABB5D84}.Release|Any CPU.ActiveCfg = Release|Any CPU
		{511BB1A4-A48A-42BE-AEFB-59B1DABB5D84}.Release|Any CPU.Build.0 = Release|Any CPU
		{58C6BB27-6F76-4459-9291-5234C119AA79}.Debug|Any CPU.ActiveCfg = Debug|Any CPU
		{58C6BB27-6F76-4459-9291-5234C119AA79}.Debug|Any CPU.Build.0 = Debug|Any CPU
		{58C6BB27-6F76-4459-9291-5234C119AA79}.Release|Any CPU.ActiveCfg = Release|Any CPU
		{58C6BB27-6F76-4459-9291-5234C119AA79}.Release|Any CPU.Build.0 = Release|Any CPU
	EndGlobalSection
	GlobalSection(SolutionProperties) = preSolution
		HideSolutionNode = FALSE
	EndGlobalSection
	GlobalSection(ExtensibilityGlobals) = postSolution
		SolutionGuid = {303C592B-7E46-4B8D-A571-CEC397F1D31F}
	EndGlobalSection
EndGlobal
