
Microsoft Visual Studio Solution File, Format Version 12.00
# Visual Studio Version 16
VisualStudioVersion = 16.0.30907.101
MinimumVisualStudioVersion = 10.0.40219.1
Project("{FAE04EC0-301F-11D3-BF4B-00C04F79EFBC}") = "P01.StronglyConnectedComponents", "P01.StronglyConnectedComponents\P01.StronglyConnectedComponents.csproj", "{AF6D83BD-BA77-43AD-9ABC-8E9605979C50}"
EndProject
Project("{FAE04EC0-301F-11D3-BF4B-00C04F79EFBC}") = "P02.MaxFlow", "P02.MaxFlow\P02.MaxFlow.csproj", "{6C800F81-37C6-45C1-B617-C71F683C05B3}"
EndProject
Project("{FAE04EC0-301F-11D3-BF4B-00C04F79EFBC}") = "P03.ArticulationPoints", "P03.ArticulationPoints\P03.ArticulationPoints.csproj", "{7C6C009F-1AB8-4046-AB25-2EB5DD0CDB59}"
EndProject
Global
	GlobalSection(SolutionConfigurationPlatforms) = preSolution
		Debug|Any CPU = Debug|Any CPU
		Release|Any CPU = Release|Any CPU
	EndGlobalSection
	GlobalSection(ProjectConfigurationPlatforms) = postSolution
		{AF6D83BD-BA77-43AD-9ABC-8E9605979C50}.Debug|Any CPU.ActiveCfg = Debug|Any CPU
		{AF6D83BD-BA77-43AD-9ABC-8E9605979C50}.Debug|Any CPU.Build.0 = Debug|Any CPU
		{AF6D83BD-BA77-43AD-9ABC-8E9605979C50}.Release|Any CPU.ActiveCfg = Release|Any CPU
		{AF6D83BD-BA77-43AD-9ABC-8E9605979C50}.Release|Any CPU.Build.0 = Release|Any CPU
		{6C800F81-37C6-45C1-B617-C71F683C05B3}.Debug|Any CPU.ActiveCfg = Debug|Any CPU
		{6C800F81-37C6-45C1-B617-C71F683C05B3}.Debug|Any CPU.Build.0 = Debug|Any CPU
		{6C800F81-37C6-45C1-B617-C71F683C05B3}.Release|Any CPU.ActiveCfg = Release|Any CPU
		{6C800F81-37C6-45C1-B617-C71F683C05B3}.Release|Any CPU.Build.0 = Release|Any CPU
		{7C6C009F-1AB8-4046-AB25-2EB5DD0CDB59}.Debug|Any CPU.ActiveCfg = Debug|Any CPU
		{7C6C009F-1AB8-4046-AB25-2EB5DD0CDB59}.Debug|Any CPU.Build.0 = Debug|Any CPU
		{7C6C009F-1AB8-4046-AB25-2EB5DD0CDB59}.Release|Any CPU.ActiveCfg = Release|Any CPU
		{7C6C009F-1AB8-4046-AB25-2EB5DD0CDB59}.Release|Any CPU.Build.0 = Release|Any CPU
	EndGlobalSection
	GlobalSection(SolutionProperties) = preSolution
		HideSolutionNode = FALSE
	EndGlobalSection
	GlobalSection(ExtensibilityGlobals) = postSolution
		SolutionGuid = {9A6E63A9-EE38-47E0-BD0D-7035DCA46750}
	EndGlobalSection
EndGlobal
