
Microsoft Visual Studio Solution File, Format Version 12.00
# Visual Studio Version 16
VisualStudioVersion = 16.0.30517.126
MinimumVisualStudioVersion = 10.0.40219.1
Project("{2150E333-8FDC-42A3-9474-1A3956D46DE8}") = "Apps", "Apps", "{D058481A-B479-499D-ADB8-9108A526A334}"
EndProject
Project("{9A19103F-16F7-4668-BE54-9A1E7A4F7556}") = "MyWebServer", "MyWebServer\MyWebServer.csproj", "{1A43A20A-E6C4-40BA-B38E-8C2C2E86FBA8}"
EndProject
Project("{9A19103F-16F7-4668-BE54-9A1E7A4F7556}") = "CarShop", "Apps\CarShop\CarShop.csproj", "{C4FB0734-BEF9-4190-A828-90F7B89002C0}"
EndProject
Project("{FAE04EC0-301F-11D3-BF4B-00C04F79EFBC}") = "Git", "Git\Git.csproj", "{3C231A89-48B5-4D51-A5C1-A44CC6B1DF2A}"
EndProject
Global
	GlobalSection(SolutionConfigurationPlatforms) = preSolution
		Debug|Any CPU = Debug|Any CPU
		Release|Any CPU = Release|Any CPU
	EndGlobalSection
	GlobalSection(ProjectConfigurationPlatforms) = postSolution
		{1A43A20A-E6C4-40BA-B38E-8C2C2E86FBA8}.Debug|Any CPU.ActiveCfg = Debug|Any CPU
		{1A43A20A-E6C4-40BA-B38E-8C2C2E86FBA8}.Debug|Any CPU.Build.0 = Debug|Any CPU
		{1A43A20A-E6C4-40BA-B38E-8C2C2E86FBA8}.Release|Any CPU.ActiveCfg = Release|Any CPU
		{1A43A20A-E6C4-40BA-B38E-8C2C2E86FBA8}.Release|Any CPU.Build.0 = Release|Any CPU
		{C4FB0734-BEF9-4190-A828-90F7B89002C0}.Debug|Any CPU.ActiveCfg = Debug|Any CPU
		{C4FB0734-BEF9-4190-A828-90F7B89002C0}.Debug|Any CPU.Build.0 = Debug|Any CPU
		{C4FB0734-BEF9-4190-A828-90F7B89002C0}.Release|Any CPU.ActiveCfg = Release|Any CPU
		{C4FB0734-BEF9-4190-A828-90F7B89002C0}.Release|Any CPU.Build.0 = Release|Any CPU
		{3C231A89-48B5-4D51-A5C1-A44CC6B1DF2A}.Debug|Any CPU.ActiveCfg = Debug|Any CPU
		{3C231A89-48B5-4D51-A5C1-A44CC6B1DF2A}.Debug|Any CPU.Build.0 = Debug|Any CPU
		{3C231A89-48B5-4D51-A5C1-A44CC6B1DF2A}.Release|Any CPU.ActiveCfg = Release|Any CPU
		{3C231A89-48B5-4D51-A5C1-A44CC6B1DF2A}.Release|Any CPU.Build.0 = Release|Any CPU
	EndGlobalSection
	GlobalSection(SolutionProperties) = preSolution
		HideSolutionNode = FALSE
	EndGlobalSection
	GlobalSection(NestedProjects) = preSolution
		{C4FB0734-BEF9-4190-A828-90F7B89002C0} = {D058481A-B479-499D-ADB8-9108A526A334}
		{3C231A89-48B5-4D51-A5C1-A44CC6B1DF2A} = {D058481A-B479-499D-ADB8-9108A526A334}
	EndGlobalSection
	GlobalSection(ExtensibilityGlobals) = postSolution
		SolutionGuid = {1DE8A1FE-A195-4206-8DF0-E23F1C7707C8}
	EndGlobalSection
EndGlobal
