
Microsoft Visual Studio Solution File, Format Version 12.00
# Visual Studio Version 16
VisualStudioVersion = 16.0.30011.22
MinimumVisualStudioVersion = 10.0.40219.1
Project("{9A19103F-16F7-4668-BE54-9A1E7A4F7556}") = "Defining Classes - Lab", "Defining Classes - Lab\Defining Classes - Lab.csproj", "{D2D16EBD-8D33-4B1A-A50B-AEB37369C3FF}"
EndProject
Global
	GlobalSection(SolutionConfigurationPlatforms) = preSolution
		Debug|Any CPU = Debug|Any CPU
		Release|Any CPU = Release|Any CPU
	EndGlobalSection
	GlobalSection(ProjectConfigurationPlatforms) = postSolution
		{D2D16EBD-8D33-4B1A-A50B-AEB37369C3FF}.Debug|Any CPU.ActiveCfg = Debug|Any CPU
		{D2D16EBD-8D33-4B1A-A50B-AEB37369C3FF}.Debug|Any CPU.Build.0 = Debug|Any CPU
		{D2D16EBD-8D33-4B1A-A50B-AEB37369C3FF}.Release|Any CPU.ActiveCfg = Release|Any CPU
		{D2D16EBD-8D33-4B1A-A50B-AEB37369C3FF}.Release|Any CPU.Build.0 = Release|Any CPU
	EndGlobalSection
	GlobalSection(SolutionProperties) = preSolution
		HideSolutionNode = FALSE
	EndGlobalSection
	GlobalSection(ExtensibilityGlobals) = postSolution
		SolutionGuid = {FF0F04F2-AC3F-4062-A8CE-1EB288C7F0E0}
	EndGlobalSection
EndGlobal
