
Microsoft Visual Studio Solution File, Format Version 12.00
# Visual Studio Version 16
VisualStudioVersion = 16.0.30011.22
MinimumVisualStudioVersion = 10.0.40219.1
Project("{FAE04EC0-301F-11D3-BF4B-00C04F79EFBC}") = "CarManufacturer", "CarManufacturer\CarManufacturer.csproj", "{2E66BDCE-EDB7-4249-85A8-5B5A00DDD1D8}"
EndProject
Global
	GlobalSection(SolutionConfigurationPlatforms) = preSolution
		Debug|Any CPU = Debug|Any CPU
		Release|Any CPU = Release|Any CPU
	EndGlobalSection
	GlobalSection(ProjectConfigurationPlatforms) = postSolution
		{2E66BDCE-EDB7-4249-85A8-5B5A00DDD1D8}.Debug|Any CPU.ActiveCfg = Debug|Any CPU
		{2E66BDCE-EDB7-4249-85A8-5B5A00DDD1D8}.Debug|Any CPU.Build.0 = Debug|Any CPU
		{2E66BDCE-EDB7-4249-85A8-5B5A00DDD1D8}.Release|Any CPU.ActiveCfg = Release|Any CPU
		{2E66BDCE-EDB7-4249-85A8-5B5A00DDD1D8}.Release|Any CPU.Build.0 = Release|Any CPU
	EndGlobalSection
	GlobalSection(SolutionProperties) = preSolution
		HideSolutionNode = FALSE
	EndGlobalSection
	GlobalSection(ExtensibilityGlobals) = postSolution
		SolutionGuid = {63684F12-AFC8-42B4-8E1F-862FE1101DD4}
	EndGlobalSection
EndGlobal
