
Microsoft Visual Studio Solution File, Format Version 12.00
# Visual Studio Version 16
VisualStudioVersion = 16.0.29424.173
MinimumVisualStudioVersion = 10.0.40219.1
Project("{FAE04EC0-301F-11D3-BF4B-00C04F79EFBC}") = "01. Arriving in Kathmandu", "01. Arriving in Kathmandu\01. Arriving in Kathmandu.csproj", "{9D5BA5FC-C40D-4E2A-8B3D-DD2FFA5B9BAD}"
EndProject
Project("{FAE04EC0-301F-11D3-BF4B-00C04F79EFBC}") = "02. On the Way to Annapurna", "02. On the Way to Annapurna\02. On the Way to Annapurna.csproj", "{5B20AE11-58C4-4E19-8C52-D7B06F2E6A9E}"
EndProject
Global
	GlobalSection(SolutionConfigurationPlatforms) = preSolution
		Debug|Any CPU = Debug|Any CPU
		Release|Any CPU = Release|Any CPU
	EndGlobalSection
	GlobalSection(ProjectConfigurationPlatforms) = postSolution
		{9D5BA5FC-C40D-4E2A-8B3D-DD2FFA5B9BAD}.Debug|Any CPU.ActiveCfg = Debug|Any CPU
		{9D5BA5FC-C40D-4E2A-8B3D-DD2FFA5B9BAD}.Debug|Any CPU.Build.0 = Debug|Any CPU
		{9D5BA5FC-C40D-4E2A-8B3D-DD2FFA5B9BAD}.Release|Any CPU.ActiveCfg = Release|Any CPU
		{9D5BA5FC-C40D-4E2A-8B3D-DD2FFA5B9BAD}.Release|Any CPU.Build.0 = Release|Any CPU
		{5B20AE11-58C4-4E19-8C52-D7B06F2E6A9E}.Debug|Any CPU.ActiveCfg = Debug|Any CPU
		{5B20AE11-58C4-4E19-8C52-D7B06F2E6A9E}.Debug|Any CPU.Build.0 = Debug|Any CPU
		{5B20AE11-58C4-4E19-8C52-D7B06F2E6A9E}.Release|Any CPU.ActiveCfg = Release|Any CPU
		{5B20AE11-58C4-4E19-8C52-D7B06F2E6A9E}.Release|Any CPU.Build.0 = Release|Any CPU
	EndGlobalSection
	GlobalSection(SolutionProperties) = preSolution
		HideSolutionNode = FALSE
	EndGlobalSection
	GlobalSection(ExtensibilityGlobals) = postSolution
		SolutionGuid = {41094FD9-A497-47D9-A124-EBE84ED4226C}
	EndGlobalSection
EndGlobal
