
Microsoft Visual Studio Solution File, Format Version 12.00
# Visual Studio Version 16
VisualStudioVersion = 16.0.30907.101
MinimumVisualStudioVersion = 10.0.40219.1
Project("{FAE04EC0-301F-11D3-BF4B-00C04F79EFBC}") = "P01.TourDeSofia", "P01.TourDeSofia\P01.TourDeSofia.csproj", "{5689D832-936D-4684-A874-EDC16E13B681}"
EndProject
Project("{FAE04EC0-301F-11D3-BF4B-00C04F79EFBC}") = "P02.ChainLightning", "P02.ChainLightning\P02.ChainLightning.csproj", "{AEF69ABF-5C32-4BC1-B99F-25D626103D0F}"
EndProject
Project("{FAE04EC0-301F-11D3-BF4B-00C04F79EFBC}") = "P03.RoadTrip", "P03.RoadTrip\P03.RoadTrip.csproj", "{851560CC-D734-44F7-AD11-14240D4A1134}"
EndProject
Global
	GlobalSection(SolutionConfigurationPlatforms) = preSolution
		Debug|Any CPU = Debug|Any CPU
		Release|Any CPU = Release|Any CPU
	EndGlobalSection
	GlobalSection(ProjectConfigurationPlatforms) = postSolution
		{5689D832-936D-4684-A874-EDC16E13B681}.Debug|Any CPU.ActiveCfg = Debug|Any CPU
		{5689D832-936D-4684-A874-EDC16E13B681}.Debug|Any CPU.Build.0 = Debug|Any CPU
		{5689D832-936D-4684-A874-EDC16E13B681}.Release|Any CPU.ActiveCfg = Release|Any CPU
		{5689D832-936D-4684-A874-EDC16E13B681}.Release|Any CPU.Build.0 = Release|Any CPU
		{AEF69ABF-5C32-4BC1-B99F-25D626103D0F}.Debug|Any CPU.ActiveCfg = Debug|Any CPU
		{AEF69ABF-5C32-4BC1-B99F-25D626103D0F}.Debug|Any CPU.Build.0 = Debug|Any CPU
		{AEF69ABF-5C32-4BC1-B99F-25D626103D0F}.Release|Any CPU.ActiveCfg = Release|Any CPU
		{AEF69ABF-5C32-4BC1-B99F-25D626103D0F}.Release|Any CPU.Build.0 = Release|Any CPU
		{851560CC-D734-44F7-AD11-14240D4A1134}.Debug|Any CPU.ActiveCfg = Debug|Any CPU
		{851560CC-D734-44F7-AD11-14240D4A1134}.Debug|Any CPU.Build.0 = Debug|Any CPU
		{851560CC-D734-44F7-AD11-14240D4A1134}.Release|Any CPU.ActiveCfg = Release|Any CPU
		{851560CC-D734-44F7-AD11-14240D4A1134}.Release|Any CPU.Build.0 = Release|Any CPU
	EndGlobalSection
	GlobalSection(SolutionProperties) = preSolution
		HideSolutionNode = FALSE
	EndGlobalSection
	GlobalSection(ExtensibilityGlobals) = postSolution
		SolutionGuid = {690DFD07-EA79-4DEB-A890-26D827AC47A7}
	EndGlobalSection
EndGlobal
