
Microsoft Visual Studio Solution File, Format Version 12.00
# Visual Studio Version 16
VisualStudioVersion = 16.0.29424.173
MinimumVisualStudioVersion = 10.0.40219.1
Project("{FAE04EC0-301F-11D3-BF4B-00C04F79EFBC}") = "01. Integer Operations", "01. Integer Operations\01. Integer Operations.csproj", "{722306C4-D74D-4FA9-9232-EA98069403C8}"
EndProject
Project("{FAE04EC0-301F-11D3-BF4B-00C04F79EFBC}") = "02. Sum Digits", "02. Sum Digits\02. Sum Digits.csproj", "{83104491-847C-49AB-BAD9-2F570F9BE4C9}"
EndProject
Project("{FAE04EC0-301F-11D3-BF4B-00C04F79EFBC}") = "04. Sum of Chars", "04. Sum of Chars\04. Sum of Chars.csproj", "{80ADC3D8-D10D-4A08-A482-B8B04165FEEF}"
EndProject
Project("{FAE04EC0-301F-11D3-BF4B-00C04F79EFBC}") = "03. Elevator", "03. Elevator\03. Elevator.csproj", "{B4899FC3-6BC6-4680-8A0D-DB80DFF98EC9}"
EndProject
Project("{FAE04EC0-301F-11D3-BF4B-00C04F79EFBC}") = "05. Print Part Of ASCII Table", "05. Print Part Of ASCII Table\05. Print Part Of ASCII Table.csproj", "{DFE3878F-30A4-461B-AFC0-7D6AB6277363}"
EndProject
Project("{FAE04EC0-301F-11D3-BF4B-00C04F79EFBC}") = "06. Triples of Latin Letters", "06. Triples of Latin Letters\06. Triples of Latin Letters.csproj", "{FB05794C-89FF-4419-AC2C-58879952265F}"
EndProject
Project("{FAE04EC0-301F-11D3-BF4B-00C04F79EFBC}") = "07. Water Overflow", "07. Water Overflow\07. Water Overflow.csproj", "{D6D5C93C-79F9-46D7-8C66-FCF89BA89BC0}"
EndProject
Project("{FAE04EC0-301F-11D3-BF4B-00C04F79EFBC}") = "08. Beer Kegs", "08. Beer Kegs\08. Beer Kegs.csproj", "{FCDA8D04-9509-458F-AA6C-358F90266866}"
EndProject
Project("{FAE04EC0-301F-11D3-BF4B-00C04F79EFBC}") = "09. Spice Must Flow", "09. Spice Must Flow\09. Spice Must Flow.csproj", "{F218ED33-BAA3-4ADE-801E-D173E97F49C4}"
EndProject
Project("{FAE04EC0-301F-11D3-BF4B-00C04F79EFBC}") = "10. Poke Mon", "10. Poke Mon\10. Poke Mon.csproj", "{38191D0E-2A32-46FB-AFAC-BEF98503EFC8}"
EndProject
Project("{FAE04EC0-301F-11D3-BF4B-00C04F79EFBC}") = "11. Snowballs", "11. Snowballs\11. Snowballs.csproj", "{7E1F0898-3DA0-438D-BAC4-538E1B969177}"
EndProject
Global
	GlobalSection(SolutionConfigurationPlatforms) = preSolution
		Debug|Any CPU = Debug|Any CPU
		Release|Any CPU = Release|Any CPU
	EndGlobalSection
	GlobalSection(ProjectConfigurationPlatforms) = postSolution
		{722306C4-D74D-4FA9-9232-EA98069403C8}.Debug|Any CPU.ActiveCfg = Debug|Any CPU
		{722306C4-D74D-4FA9-9232-EA98069403C8}.Debug|Any CPU.Build.0 = Debug|Any CPU
		{722306C4-D74D-4FA9-9232-EA98069403C8}.Release|Any CPU.ActiveCfg = Release|Any CPU
		{722306C4-D74D-4FA9-9232-EA98069403C8}.Release|Any CPU.Build.0 = Release|Any CPU
		{83104491-847C-49AB-BAD9-2F570F9BE4C9}.Debug|Any CPU.ActiveCfg = Debug|Any CPU
		{83104491-847C-49AB-BAD9-2F570F9BE4C9}.Debug|Any CPU.Build.0 = Debug|Any CPU
		{83104491-847C-49AB-BAD9-2F570F9BE4C9}.Release|Any CPU.ActiveCfg = Release|Any CPU
		{83104491-847C-49AB-BAD9-2F570F9BE4C9}.Release|Any CPU.Build.0 = Release|Any CPU
		{80ADC3D8-D10D-4A08-A482-B8B04165FEEF}.Debug|Any CPU.ActiveCfg = Debug|Any CPU
		{80ADC3D8-D10D-4A08-A482-B8B04165FEEF}.Debug|Any CPU.Build.0 = Debug|Any CPU
		{80ADC3D8-D10D-4A08-A482-B8B04165FEEF}.Release|Any CPU.ActiveCfg = Release|Any CPU
		{80ADC3D8-D10D-4A08-A482-B8B04165FEEF}.Release|Any CPU.Build.0 = Release|Any CPU
		{B4899FC3-6BC6-4680-8A0D-DB80DFF98EC9}.Debug|Any CPU.ActiveCfg = Debug|Any CPU
		{B4899FC3-6BC6-4680-8A0D-DB80DFF98EC9}.Debug|Any CPU.Build.0 = Debug|Any CPU
		{B4899FC3-6BC6-4680-8A0D-DB80DFF98EC9}.Release|Any CPU.ActiveCfg = Release|Any CPU
		{B4899FC3-6BC6-4680-8A0D-DB80DFF98EC9}.Release|Any CPU.Build.0 = Release|Any CPU
		{DFE3878F-30A4-461B-AFC0-7D6AB6277363}.Debug|Any CPU.ActiveCfg = Debug|Any CPU
		{DFE3878F-30A4-461B-AFC0-7D6AB6277363}.Debug|Any CPU.Build.0 = Debug|Any CPU
		{DFE3878F-30A4-461B-AFC0-7D6AB6277363}.Release|Any CPU.ActiveCfg = Release|Any CPU
		{DFE3878F-30A4-461B-AFC0-7D6AB6277363}.Release|Any CPU.Build.0 = Release|Any CPU
		{FB05794C-89FF-4419-AC2C-58879952265F}.Debug|Any CPU.ActiveCfg = Debug|Any CPU
		{FB05794C-89FF-4419-AC2C-58879952265F}.Debug|Any CPU.Build.0 = Debug|Any CPU
		{FB05794C-89FF-4419-AC2C-58879952265F}.Release|Any CPU.ActiveCfg = Release|Any CPU
		{FB05794C-89FF-4419-AC2C-58879952265F}.Release|Any CPU.Build.0 = Release|Any CPU
		{D6D5C93C-79F9-46D7-8C66-FCF89BA89BC0}.Debug|Any CPU.ActiveCfg = Debug|Any CPU
		{D6D5C93C-79F9-46D7-8C66-FCF89BA89BC0}.Debug|Any CPU.Build.0 = Debug|Any CPU
		{D6D5C93C-79F9-46D7-8C66-FCF89BA89BC0}.Release|Any CPU.ActiveCfg = Release|Any CPU
		{D6D5C93C-79F9-46D7-8C66-FCF89BA89BC0}.Release|Any CPU.Build.0 = Release|Any CPU
		{FCDA8D04-9509-458F-AA6C-358F90266866}.Debug|Any CPU.ActiveCfg = Debug|Any CPU
		{FCDA8D04-9509-458F-AA6C-358F90266866}.Debug|Any CPU.Build.0 = Debug|Any CPU
		{FCDA8D04-9509-458F-AA6C-358F90266866}.Release|Any CPU.ActiveCfg = Release|Any CPU
		{FCDA8D04-9509-458F-AA6C-358F90266866}.Release|Any CPU.Build.0 = Release|Any CPU
		{F218ED33-BAA3-4ADE-801E-D173E97F49C4}.Debug|Any CPU.ActiveCfg = Debug|Any CPU
		{F218ED33-BAA3-4ADE-801E-D173E97F49C4}.Debug|Any CPU.Build.0 = Debug|Any CPU
		{F218ED33-BAA3-4ADE-801E-D173E97F49C4}.Release|Any CPU.ActiveCfg = Release|Any CPU
		{F218ED33-BAA3-4ADE-801E-D173E97F49C4}.Release|Any CPU.Build.0 = Release|Any CPU
		{38191D0E-2A32-46FB-AFAC-BEF98503EFC8}.Debug|Any CPU.ActiveCfg = Debug|Any CPU
		{38191D0E-2A32-46FB-AFAC-BEF98503EFC8}.Debug|Any CPU.Build.0 = Debug|Any CPU
		{38191D0E-2A32-46FB-AFAC-BEF98503EFC8}.Release|Any CPU.ActiveCfg = Release|Any CPU
		{38191D0E-2A32-46FB-AFAC-BEF98503EFC8}.Release|Any CPU.Build.0 = Release|Any CPU
		{7E1F0898-3DA0-438D-BAC4-538E1B969177}.Debug|Any CPU.ActiveCfg = Debug|Any CPU
		{7E1F0898-3DA0-438D-BAC4-538E1B969177}.Debug|Any CPU.Build.0 = Debug|Any CPU
		{7E1F0898-3DA0-438D-BAC4-538E1B969177}.Release|Any CPU.ActiveCfg = Release|Any CPU
		{7E1F0898-3DA0-438D-BAC4-538E1B969177}.Release|Any CPU.Build.0 = Release|Any CPU
	EndGlobalSection
	GlobalSection(SolutionProperties) = preSolution
		HideSolutionNode = FALSE
	EndGlobalSection
	GlobalSection(ExtensibilityGlobals) = postSolution
		SolutionGuid = {2562C2E6-7D03-4582-8F75-9125AF2696EE}
	EndGlobalSection
EndGlobal
