
Microsoft Visual Studio Solution File, Format Version 12.00
# Visual Studio Version 16
VisualStudioVersion = 16.0.29424.173
MinimumVisualStudioVersion = 10.0.40219.1
Project("{FAE04EC0-301F-11D3-BF4B-00C04F79EFBC}") = "01. Biscuits Factory", "01. Biscuits Factory\01. Biscuits Factory.csproj", "{D38FC929-40A0-4211-AA52-DFD7D25D0D66}"
EndProject
Project("{FAE04EC0-301F-11D3-BF4B-00C04F79EFBC}") = "02. Weaponsmith", "02. Weaponsmith\02. Weaponsmith.csproj", "{FAB08F4A-6F48-4F63-95BA-181FFEFA7780}"
EndProject
Project("{FAE04EC0-301F-11D3-BF4B-00C04F79EFBC}") = "03. Wizard Poker", "03. Wizard Poker\03. Wizard Poker.csproj", "{65B16803-E340-462B-B3DD-EB8043DF58B6}"
EndProject
Global
	GlobalSection(SolutionConfigurationPlatforms) = preSolution
		Debug|Any CPU = Debug|Any CPU
		Release|Any CPU = Release|Any CPU
	EndGlobalSection
	GlobalSection(ProjectConfigurationPlatforms) = postSolution
		{D38FC929-40A0-4211-AA52-DFD7D25D0D66}.Debug|Any CPU.ActiveCfg = Debug|Any CPU
		{D38FC929-40A0-4211-AA52-DFD7D25D0D66}.Debug|Any CPU.Build.0 = Debug|Any CPU
		{D38FC929-40A0-4211-AA52-DFD7D25D0D66}.Release|Any CPU.ActiveCfg = Release|Any CPU
		{D38FC929-40A0-4211-AA52-DFD7D25D0D66}.Release|Any CPU.Build.0 = Release|Any CPU
		{FAB08F4A-6F48-4F63-95BA-181FFEFA7780}.Debug|Any CPU.ActiveCfg = Debug|Any CPU
		{FAB08F4A-6F48-4F63-95BA-181FFEFA7780}.Debug|Any CPU.Build.0 = Debug|Any CPU
		{FAB08F4A-6F48-4F63-95BA-181FFEFA7780}.Release|Any CPU.ActiveCfg = Release|Any CPU
		{FAB08F4A-6F48-4F63-95BA-181FFEFA7780}.Release|Any CPU.Build.0 = Release|Any CPU
		{65B16803-E340-462B-B3DD-EB8043DF58B6}.Debug|Any CPU.ActiveCfg = Debug|Any CPU
		{65B16803-E340-462B-B3DD-EB8043DF58B6}.Debug|Any CPU.Build.0 = Debug|Any CPU
		{65B16803-E340-462B-B3DD-EB8043DF58B6}.Release|Any CPU.ActiveCfg = Release|Any CPU
		{65B16803-E340-462B-B3DD-EB8043DF58B6}.Release|Any CPU.Build.0 = Release|Any CPU
	EndGlobalSection
	GlobalSection(SolutionProperties) = preSolution
		HideSolutionNode = FALSE
	EndGlobalSection
	GlobalSection(ExtensibilityGlobals) = postSolution
		SolutionGuid = {12583EDB-8927-4647-9225-71BCEF8427A2}
	EndGlobalSection
EndGlobal
