
Microsoft Visual Studio Solution File, Format Version 12.00
# Visual Studio Version 16
VisualStudioVersion = 16.0.31005.135
MinimumVisualStudioVersion = 10.0.40219.1
Project("{9A19103F-16F7-4668-BE54-9A1E7A4F7556}") = "P01_StudentSystem", "P01_StudentSystem\P01_StudentSystem.csproj", "{8BEAACBC-AEAF-4C01-87A5-14A0B44B25D4}"
EndProject
Project("{9A19103F-16F7-4668-BE54-9A1E7A4F7556}") = "P01_StudentSystem.Data", "P01_StudentSystem.Data\P01_StudentSystem.Data.csproj", "{23F3F24A-C2F8-4DD5-90FC-E3652AEC71F7}"
EndProject
Project("{9A19103F-16F7-4668-BE54-9A1E7A4F7556}") = "P01_StudentSystem.Data.Models", "P01_StudentSystem.Data.Models\P01_StudentSystem.Data.Models.csproj", "{90B8D476-256B-4603-8E35-9E733734EEF8}"
EndProject
Project("{FAE04EC0-301F-11D3-BF4B-00C04F79EFBC}") = "P03_FootballBetting", "P03_FootballBetting\P03_FootballBetting.csproj", "{3F5365ED-E9FC-490B-ADD7-50EDD4425A05}"
EndProject
Project("{FAE04EC0-301F-11D3-BF4B-00C04F79EFBC}") = "P03_FootballBetting.Data", "P03_FootballBetting.Data\P03_FootballBetting.Data.csproj", "{547E7E11-CF6E-4957-B62D-CE6E47ED51A4}"
EndProject
Project("{FAE04EC0-301F-11D3-BF4B-00C04F79EFBC}") = "P03_FootballBetting.Data.Models", "P03_FootballBetting.Data.Models\P03_FootballBetting.Data.Models.csproj", "{C1EF5FF6-6ACA-4BDC-8A3B-9DDF020CB317}"
EndProject
Global
	GlobalSection(SolutionConfigurationPlatforms) = preSolution
		Debug|Any CPU = Debug|Any CPU
		Release|Any CPU = Release|Any CPU
	EndGlobalSection
	GlobalSection(ProjectConfigurationPlatforms) = postSolution
		{8BEAACBC-AEAF-4C01-87A5-14A0B44B25D4}.Debug|Any CPU.ActiveCfg = Debug|Any CPU
		{8BEAACBC-AEAF-4C01-87A5-14A0B44B25D4}.Debug|Any CPU.Build.0 = Debug|Any CPU
		{8BEAACBC-AEAF-4C01-87A5-14A0B44B25D4}.Release|Any CPU.ActiveCfg = Release|Any CPU
		{8BEAACBC-AEAF-4C01-87A5-14A0B44B25D4}.Release|Any CPU.Build.0 = Release|Any CPU
		{23F3F24A-C2F8-4DD5-90FC-E3652AEC71F7}.Debug|Any CPU.ActiveCfg = Debug|Any CPU
		{23F3F24A-C2F8-4DD5-90FC-E3652AEC71F7}.Debug|Any CPU.Build.0 = Debug|Any CPU
		{23F3F24A-C2F8-4DD5-90FC-E3652AEC71F7}.Release|Any CPU.ActiveCfg = Release|Any CPU
		{23F3F24A-C2F8-4DD5-90FC-E3652AEC71F7}.Release|Any CPU.Build.0 = Release|Any CPU
		{90B8D476-256B-4603-8E35-9E733734EEF8}.Debug|Any CPU.ActiveCfg = Debug|Any CPU
		{90B8D476-256B-4603-8E35-9E733734EEF8}.Debug|Any CPU.Build.0 = Debug|Any CPU
		{90B8D476-256B-4603-8E35-9E733734EEF8}.Release|Any CPU.ActiveCfg = Release|Any CPU
		{90B8D476-256B-4603-8E35-9E733734EEF8}.Release|Any CPU.Build.0 = Release|Any CPU
		{3F5365ED-E9FC-490B-ADD7-50EDD4425A05}.Debug|Any CPU.ActiveCfg = Debug|Any CPU
		{3F5365ED-E9FC-490B-ADD7-50EDD4425A05}.Debug|Any CPU.Build.0 = Debug|Any CPU
		{3F5365ED-E9FC-490B-ADD7-50EDD4425A05}.Release|Any CPU.ActiveCfg = Release|Any CPU
		{3F5365ED-E9FC-490B-ADD7-50EDD4425A05}.Release|Any CPU.Build.0 = Release|Any CPU
		{547E7E11-CF6E-4957-B62D-CE6E47ED51A4}.Debug|Any CPU.ActiveCfg = Debug|Any CPU
		{547E7E11-CF6E-4957-B62D-CE6E47ED51A4}.Debug|Any CPU.Build.0 = Debug|Any CPU
		{547E7E11-CF6E-4957-B62D-CE6E47ED51A4}.Release|Any CPU.ActiveCfg = Release|Any CPU
		{547E7E11-CF6E-4957-B62D-CE6E47ED51A4}.Release|Any CPU.Build.0 = Release|Any CPU
		{C1EF5FF6-6ACA-4BDC-8A3B-9DDF020CB317}.Debug|Any CPU.ActiveCfg = Debug|Any CPU
		{C1EF5FF6-6ACA-4BDC-8A3B-9DDF020CB317}.Debug|Any CPU.Build.0 = Debug|Any CPU
		{C1EF5FF6-6ACA-4BDC-8A3B-9DDF020CB317}.Release|Any CPU.ActiveCfg = Release|Any CPU
		{C1EF5FF6-6ACA-4BDC-8A3B-9DDF020CB317}.Release|Any CPU.Build.0 = Release|Any CPU
	EndGlobalSection
	GlobalSection(SolutionProperties) = preSolution
		HideSolutionNode = FALSE
	EndGlobalSection
	GlobalSection(ExtensibilityGlobals) = postSolution
		SolutionGuid = {1A184765-1C53-44D6-AD91-81839C2323C8}
	EndGlobalSection
EndGlobal
