
Microsoft Visual Studio Solution File, Format Version 12.00
# Visual Studio Version 16
VisualStudioVersion = 16.0.29424.173
MinimumVisualStudioVersion = 10.0.40219.1
Project("{FAE04EC0-301F-11D3-BF4B-00C04F79EFBC}") = "01. Sort Numbers", "01. Sort Numbers\01. Sort Numbers.csproj", "{14ACE1F5-0F23-4D99-80FD-291B200978D6}"
EndProject
Project("{FAE04EC0-301F-11D3-BF4B-00C04F79EFBC}") = "02. English Name of the Last Digit", "02. English Name of the Last Digit\02. English Name of the Last Digit.csproj", "{B2BC0910-9AE4-47EA-A6ED-DB1F318637C3}"
EndProject
Project("{FAE04EC0-301F-11D3-BF4B-00C04F79EFBC}") = "03. Gaming Store", "03. Gaming Store\03. Gaming Store.csproj", "{6D04E054-490B-40F3-9180-75643C876BE6}"
EndProject
Project("{FAE04EC0-301F-11D3-BF4B-00C04F79EFBC}") = "04. Reverse String", "04. Reverse String\04. Reverse String.csproj", "{ABF4FF1B-3C3A-4AAB-8818-F9E2567DCF89}"
EndProject
Project("{FAE04EC0-301F-11D3-BF4B-00C04F79EFBC}") = "05. Messages", "05. Messages\05. Messages.csproj", "{66AA9AAB-0322-4D9B-AE60-712C994D4E7D}"
EndProject
Global
	GlobalSection(SolutionConfigurationPlatforms) = preSolution
		Debug|Any CPU = Debug|Any CPU
		Release|Any CPU = Release|Any CPU
	EndGlobalSection
	GlobalSection(ProjectConfigurationPlatforms) = postSolution
		{14ACE1F5-0F23-4D99-80FD-291B200978D6}.Debug|Any CPU.ActiveCfg = Debug|Any CPU
		{14ACE1F5-0F23-4D99-80FD-291B200978D6}.Debug|Any CPU.Build.0 = Debug|Any CPU
		{14ACE1F5-0F23-4D99-80FD-291B200978D6}.Release|Any CPU.ActiveCfg = Release|Any CPU
		{14ACE1F5-0F23-4D99-80FD-291B200978D6}.Release|Any CPU.Build.0 = Release|Any CPU
		{B2BC0910-9AE4-47EA-A6ED-DB1F318637C3}.Debug|Any CPU.ActiveCfg = Debug|Any CPU
		{B2BC0910-9AE4-47EA-A6ED-DB1F318637C3}.Debug|Any CPU.Build.0 = Debug|Any CPU
		{B2BC0910-9AE4-47EA-A6ED-DB1F318637C3}.Release|Any CPU.ActiveCfg = Release|Any CPU
		{B2BC0910-9AE4-47EA-A6ED-DB1F318637C3}.Release|Any CPU.Build.0 = Release|Any CPU
		{6D04E054-490B-40F3-9180-75643C876BE6}.Debug|Any CPU.ActiveCfg = Debug|Any CPU
		{6D04E054-490B-40F3-9180-75643C876BE6}.Debug|Any CPU.Build.0 = Debug|Any CPU
		{6D04E054-490B-40F3-9180-75643C876BE6}.Release|Any CPU.ActiveCfg = Release|Any CPU
		{6D04E054-490B-40F3-9180-75643C876BE6}.Release|Any CPU.Build.0 = Release|Any CPU
		{ABF4FF1B-3C3A-4AAB-8818-F9E2567DCF89}.Debug|Any CPU.ActiveCfg = Debug|Any CPU
		{ABF4FF1B-3C3A-4AAB-8818-F9E2567DCF89}.Debug|Any CPU.Build.0 = Debug|Any CPU
		{ABF4FF1B-3C3A-4AAB-8818-F9E2567DCF89}.Release|Any CPU.ActiveCfg = Release|Any CPU
		{ABF4FF1B-3C3A-4AAB-8818-F9E2567DCF89}.Release|Any CPU.Build.0 = Release|Any CPU
		{66AA9AAB-0322-4D9B-AE60-712C994D4E7D}.Debug|Any CPU.ActiveCfg = Debug|Any CPU
		{66AA9AAB-0322-4D9B-AE60-712C994D4E7D}.Debug|Any CPU.Build.0 = Debug|Any CPU
		{66AA9AAB-0322-4D9B-AE60-712C994D4E7D}.Release|Any CPU.ActiveCfg = Release|Any CPU
		{66AA9AAB-0322-4D9B-AE60-712C994D4E7D}.Release|Any CPU.Build.0 = Release|Any CPU
	EndGlobalSection
	GlobalSection(SolutionProperties) = preSolution
		HideSolutionNode = FALSE
	EndGlobalSection
	GlobalSection(ExtensibilityGlobals) = postSolution
		SolutionGuid = {5F18E1D4-51EA-4067-86B5-6BA047D13A92}
	EndGlobalSection
EndGlobal
