
Microsoft Visual Studio Solution File, Format Version 12.00
# Visual Studio Version 16
VisualStudioVersion = 16.0.30011.22
MinimumVisualStudioVersion = 10.0.40219.1
Project("{FAE04EC0-301F-11D3-BF4B-00C04F79EFBC}") = "P01.ClassBoxData", "P01.ClassBoxData\P01.ClassBoxData.csproj", "{99DF2172-8CC2-4979-8E52-625430D78642}"
EndProject
Project("{9A19103F-16F7-4668-BE54-9A1E7A4F7556}") = "AnimalFarm", "P02.AnimalFarm\AnimalFarm.csproj", "{347A2161-3D7E-41B8-BFDC-D39ACD7C2742}"
EndProject
Project("{FAE04EC0-301F-11D3-BF4B-00C04F79EFBC}") = "P03.ShoppingSpree", "P03.ShoppingSpree\P03.ShoppingSpree.csproj", "{985297FE-B4E5-4EAF-B1F9-79F5455FF2C2}"
EndProject
Project("{FAE04EC0-301F-11D3-BF4B-00C04F79EFBC}") = "P04.PizzaCalories", "P04.PizzaCalories\P04.PizzaCalories.csproj", "{76913CE6-7B0C-496E-AA1F-D5668116D14E}"
EndProject
Project("{FAE04EC0-301F-11D3-BF4B-00C04F79EFBC}") = "P05.FootballTeamGenerator", "P05.FootballTeamGenerator\P05.FootballTeamGenerator.csproj", "{FBB68423-F823-48CE-B9AA-320718BAB171}"
EndProject
Global
	GlobalSection(SolutionConfigurationPlatforms) = preSolution
		Debug|Any CPU = Debug|Any CPU
		Release|Any CPU = Release|Any CPU
	EndGlobalSection
	GlobalSection(ProjectConfigurationPlatforms) = postSolution
		{99DF2172-8CC2-4979-8E52-625430D78642}.Debug|Any CPU.ActiveCfg = Debug|Any CPU
		{99DF2172-8CC2-4979-8E52-625430D78642}.Debug|Any CPU.Build.0 = Debug|Any CPU
		{99DF2172-8CC2-4979-8E52-625430D78642}.Release|Any CPU.ActiveCfg = Release|Any CPU
		{99DF2172-8CC2-4979-8E52-625430D78642}.Release|Any CPU.Build.0 = Release|Any CPU
		{347A2161-3D7E-41B8-BFDC-D39ACD7C2742}.Debug|Any CPU.ActiveCfg = Debug|Any CPU
		{347A2161-3D7E-41B8-BFDC-D39ACD7C2742}.Debug|Any CPU.Build.0 = Debug|Any CPU
		{347A2161-3D7E-41B8-BFDC-D39ACD7C2742}.Release|Any CPU.ActiveCfg = Release|Any CPU
		{347A2161-3D7E-41B8-BFDC-D39ACD7C2742}.Release|Any CPU.Build.0 = Release|Any CPU
		{985297FE-B4E5-4EAF-B1F9-79F5455FF2C2}.Debug|Any CPU.ActiveCfg = Debug|Any CPU
		{985297FE-B4E5-4EAF-B1F9-79F5455FF2C2}.Debug|Any CPU.Build.0 = Debug|Any CPU
		{985297FE-B4E5-4EAF-B1F9-79F5455FF2C2}.Release|Any CPU.ActiveCfg = Release|Any CPU
		{985297FE-B4E5-4EAF-B1F9-79F5455FF2C2}.Release|Any CPU.Build.0 = Release|Any CPU
		{76913CE6-7B0C-496E-AA1F-D5668116D14E}.Debug|Any CPU.ActiveCfg = Debug|Any CPU
		{76913CE6-7B0C-496E-AA1F-D5668116D14E}.Debug|Any CPU.Build.0 = Debug|Any CPU
		{76913CE6-7B0C-496E-AA1F-D5668116D14E}.Release|Any CPU.ActiveCfg = Release|Any CPU
		{76913CE6-7B0C-496E-AA1F-D5668116D14E}.Release|Any CPU.Build.0 = Release|Any CPU
		{FBB68423-F823-48CE-B9AA-320718BAB171}.Debug|Any CPU.ActiveCfg = Debug|Any CPU
		{FBB68423-F823-48CE-B9AA-320718BAB171}.Debug|Any CPU.Build.0 = Debug|Any CPU
		{FBB68423-F823-48CE-B9AA-320718BAB171}.Release|Any CPU.ActiveCfg = Release|Any CPU
		{FBB68423-F823-48CE-B9AA-320718BAB171}.Release|Any CPU.Build.0 = Release|Any CPU
	EndGlobalSection
	GlobalSection(SolutionProperties) = preSolution
		HideSolutionNode = FALSE
	EndGlobalSection
	GlobalSection(ExtensibilityGlobals) = postSolution
		SolutionGuid = {014D7AB5-1845-4781-9379-7D683D04AA28}
	EndGlobalSection
EndGlobal
