
Microsoft Visual Studio Solution File, Format Version 12.00
# Visual Studio Version 16
VisualStudioVersion = 16.0.31005.135
MinimumVisualStudioVersion = 10.0.40219.1
Project("{FAE04EC0-301F-11D3-BF4B-00C04F79EFBC}") = "P01.BlackFriday", "P01.BlackFriday\P01.BlackFriday.csproj", "{4C197EEF-B1DF-42CB-8173-23F2728FEF3A}"
EndProject
Project("{FAE04EC0-301F-11D3-BF4B-00C04F79EFBC}") = "P02.EmergencyPlan", "P02.EmergencyPlan\P02.EmergencyPlan.csproj", "{C2EED3E9-17BE-454C-B30F-689D3620557B}"
EndProject
Project("{FAE04EC0-301F-11D3-BF4B-00C04F79EFBC}") = "P03.Boxes", "P03.Boxes\P03.Boxes.csproj", "{671A5593-C6A7-475E-A417-D744353AD958}"
EndProject
Global
	GlobalSection(SolutionConfigurationPlatforms) = preSolution
		Debug|Any CPU = Debug|Any CPU
		Release|Any CPU = Release|Any CPU
	EndGlobalSection
	GlobalSection(ProjectConfigurationPlatforms) = postSolution
		{4C197EEF-B1DF-42CB-8173-23F2728FEF3A}.Debug|Any CPU.ActiveCfg = Debug|Any CPU
		{4C197EEF-B1DF-42CB-8173-23F2728FEF3A}.Debug|Any CPU.Build.0 = Debug|Any CPU
		{4C197EEF-B1DF-42CB-8173-23F2728FEF3A}.Release|Any CPU.ActiveCfg = Release|Any CPU
		{4C197EEF-B1DF-42CB-8173-23F2728FEF3A}.Release|Any CPU.Build.0 = Release|Any CPU
		{C2EED3E9-17BE-454C-B30F-689D3620557B}.Debug|Any CPU.ActiveCfg = Debug|Any CPU
		{C2EED3E9-17BE-454C-B30F-689D3620557B}.Debug|Any CPU.Build.0 = Debug|Any CPU
		{C2EED3E9-17BE-454C-B30F-689D3620557B}.Release|Any CPU.ActiveCfg = Release|Any CPU
		{C2EED3E9-17BE-454C-B30F-689D3620557B}.Release|Any CPU.Build.0 = Release|Any CPU
		{671A5593-C6A7-475E-A417-D744353AD958}.Debug|Any CPU.ActiveCfg = Debug|Any CPU
		{671A5593-C6A7-475E-A417-D744353AD958}.Debug|Any CPU.Build.0 = Debug|Any CPU
		{671A5593-C6A7-475E-A417-D744353AD958}.Release|Any CPU.ActiveCfg = Release|Any CPU
		{671A5593-C6A7-475E-A417-D744353AD958}.Release|Any CPU.Build.0 = Release|Any CPU
	EndGlobalSection
	GlobalSection(SolutionProperties) = preSolution
		HideSolutionNode = FALSE
	EndGlobalSection
	GlobalSection(ExtensibilityGlobals) = postSolution
		SolutionGuid = {D30CE8F8-7150-4521-B866-9C5CFFA1BA29}
	EndGlobalSection
EndGlobal
