
Microsoft Visual Studio Solution File, Format Version 12.00
# Visual Studio Version 16
VisualStudioVersion = 16.0.30011.22
MinimumVisualStudioVersion = 10.0.40219.1
Project("{FAE04EC0-301F-11D3-BF4B-00C04F79EFBC}") = "P01.DatingApp", "P01.DatingApp\P01.DatingApp.csproj", "{919DD1CD-9658-440B-A01D-3C3840FDFC5E}"
EndProject
Project("{FAE04EC0-301F-11D3-BF4B-00C04F79EFBC}") = "P02.BookWorm", "P02.BookWorm\P02.BookWorm.csproj", "{DDE42074-92F3-4100-9EEC-5D3413072B5F}"
EndProject
Project("{9A19103F-16F7-4668-BE54-9A1E7A4F7556}") = "Rabbits", "P03.Rabbits\Rabbits.csproj", "{4083DFFE-298F-45E0-B6B3-3FE0CC1645D3}"
EndProject
Global
	GlobalSection(SolutionConfigurationPlatforms) = preSolution
		Debug|Any CPU = Debug|Any CPU
		Release|Any CPU = Release|Any CPU
	EndGlobalSection
	GlobalSection(ProjectConfigurationPlatforms) = postSolution
		{919DD1CD-9658-440B-A01D-3C3840FDFC5E}.Debug|Any CPU.ActiveCfg = Debug|Any CPU
		{919DD1CD-9658-440B-A01D-3C3840FDFC5E}.Debug|Any CPU.Build.0 = Debug|Any CPU
		{919DD1CD-9658-440B-A01D-3C3840FDFC5E}.Release|Any CPU.ActiveCfg = Release|Any CPU
		{919DD1CD-9658-440B-A01D-3C3840FDFC5E}.Release|Any CPU.Build.0 = Release|Any CPU
		{DDE42074-92F3-4100-9EEC-5D3413072B5F}.Debug|Any CPU.ActiveCfg = Debug|Any CPU
		{DDE42074-92F3-4100-9EEC-5D3413072B5F}.Debug|Any CPU.Build.0 = Debug|Any CPU
		{DDE42074-92F3-4100-9EEC-5D3413072B5F}.Release|Any CPU.ActiveCfg = Release|Any CPU
		{DDE42074-92F3-4100-9EEC-5D3413072B5F}.Release|Any CPU.Build.0 = Release|Any CPU
		{4083DFFE-298F-45E0-B6B3-3FE0CC1645D3}.Debug|Any CPU.ActiveCfg = Debug|Any CPU
		{4083DFFE-298F-45E0-B6B3-3FE0CC1645D3}.Debug|Any CPU.Build.0 = Debug|Any CPU
		{4083DFFE-298F-45E0-B6B3-3FE0CC1645D3}.Release|Any CPU.ActiveCfg = Release|Any CPU
		{4083DFFE-298F-45E0-B6B3-3FE0CC1645D3}.Release|Any CPU.Build.0 = Release|Any CPU
	EndGlobalSection
	GlobalSection(SolutionProperties) = preSolution
		HideSolutionNode = FALSE
	EndGlobalSection
	GlobalSection(ExtensibilityGlobals) = postSolution
		SolutionGuid = {A504753B-265F-44D7-B9B7-4591D4ED5224}
	EndGlobalSection
EndGlobal
