
Microsoft Visual Studio Solution File, Format Version 12.00
# Visual Studio Version 16
VisualStudioVersion = 16.0.30128.74
MinimumVisualStudioVersion = 10.0.40219.1
Project("{FAE04EC0-301F-11D3-BF4B-00C04F79EFBC}") = "P01.PrototypeDemo", "P01.PrototypeDemo\P01.PrototypeDemo.csproj", "{3B0A0F8E-4FD2-43AC-B741-19D4DA4CC164}"
EndProject
Project("{FAE04EC0-301F-11D3-BF4B-00C04F79EFBC}") = "P02.Composite", "P02.Composite\P02.Composite.csproj", "{FAE93722-CD18-4575-A4DF-7D587AFD5E60}"
EndProject
Project("{FAE04EC0-301F-11D3-BF4B-00C04F79EFBC}") = "P03.TemplatePatternDemo", "P03.TemplatePatternDemo\P03.TemplatePatternDemo.csproj", "{93FBB1AB-04FD-4E9B-82CB-C7A3B6C0D06A}"
EndProject
Global
	GlobalSection(SolutionConfigurationPlatforms) = preSolution
		Debug|Any CPU = Debug|Any CPU
		Release|Any CPU = Release|Any CPU
	EndGlobalSection
	GlobalSection(ProjectConfigurationPlatforms) = postSolution
		{3B0A0F8E-4FD2-43AC-B741-19D4DA4CC164}.Debug|Any CPU.ActiveCfg = Debug|Any CPU
		{3B0A0F8E-4FD2-43AC-B741-19D4DA4CC164}.Debug|Any CPU.Build.0 = Debug|Any CPU
		{3B0A0F8E-4FD2-43AC-B741-19D4DA4CC164}.Release|Any CPU.ActiveCfg = Release|Any CPU
		{3B0A0F8E-4FD2-43AC-B741-19D4DA4CC164}.Release|Any CPU.Build.0 = Release|Any CPU
		{FAE93722-CD18-4575-A4DF-7D587AFD5E60}.Debug|Any CPU.ActiveCfg = Debug|Any CPU
		{FAE93722-CD18-4575-A4DF-7D587AFD5E60}.Debug|Any CPU.Build.0 = Debug|Any CPU
		{FAE93722-CD18-4575-A4DF-7D587AFD5E60}.Release|Any CPU.ActiveCfg = Release|Any CPU
		{FAE93722-CD18-4575-A4DF-7D587AFD5E60}.Release|Any CPU.Build.0 = Release|Any CPU
		{93FBB1AB-04FD-4E9B-82CB-C7A3B6C0D06A}.Debug|Any CPU.ActiveCfg = Debug|Any CPU
		{93FBB1AB-04FD-4E9B-82CB-C7A3B6C0D06A}.Debug|Any CPU.Build.0 = Debug|Any CPU
		{93FBB1AB-04FD-4E9B-82CB-C7A3B6C0D06A}.Release|Any CPU.ActiveCfg = Release|Any CPU
		{93FBB1AB-04FD-4E9B-82CB-C7A3B6C0D06A}.Release|Any CPU.Build.0 = Release|Any CPU
	EndGlobalSection
	GlobalSection(SolutionProperties) = preSolution
		HideSolutionNode = FALSE
	EndGlobalSection
	GlobalSection(ExtensibilityGlobals) = postSolution
		SolutionGuid = {CE0FFC70-A5F9-4046-8639-C7D42185DBDF}
	EndGlobalSection
EndGlobal
